{
  "name": "inja.cxx",
  "version": "3.5.0",
  "lockfileVersion": 3,
  "requires": true,
  "packages": {
    "": {
      "name": "inja.cxx",
      "version": "3.5.0",
      "license": "MIT",
      "dependencies": {
        "json.cxx": "^3.12.0"
      }
    },
    "node_modules/json.cxx": {
      "version": "3.12.0",
      "resolved": "https://registry.npmjs.org/json.cxx/-/json.cxx-3.12.0.tgz",
      "integrity": "sha512-zmZK6ouEfft6ST1MTbTdub07Vyh7rS4AlXnGvRidz0cdiNLQYetT2XSzhhvCcDirHzi9Rteu9D2NoSvXTbrdRg==",
      "license": "MIT"
    }
  }
}
